// !$*UTF8*$!
{
	archiveVersion = 1;
	classes = {
	};
	objectVersion = 77;
	objects = {

/* Begin PBXBuildFile section */
		ICON000012E99881600C69380 /* Assets.xcassets in Resources */ = {isa = PBXBuildFile; fileRef = ICON000022E99881600C69380 /* Assets.xcassets */; };
		3D811CBEA4000D472B792B4A /* AIBackendManager.swift in Sources */ = {isa = PBXBuildFile; fileRef = D96CC4EA4C2FB12DB1577657 /* AIBackendManager.swift */; };
		7B253F02D77B07DCD1289920 /* AIBackendManager+Generation.swift in Sources */ = {isa = PBXBuildFile; fileRef = ED4AC48D617A18C84FD5D0EC /* AIBackendManager+Generation.swift */; };
		A4B7F476EFDE47C0991EF19C /* AIBackendStatusMenu.swift in Sources */ = {isa = PBXBuildFile; fileRef = 2FB7C802D83D9C9775943B07 /* AIBackendStatusMenu.swift */; };
		B7CF8A817C5CD08EE1EC54D9 /* AIBackendManager+Enhanced.swift in Sources */ = {isa = PBXBuildFile; fileRef = AFA9CAA9A01C31B7DEDAA0E5 /* AIBackendManager+Enhanced.swift */; };
		WIDGET001B2E99881600C69380 /* WidgetKit.framework in Frameworks */ = {isa = PBXBuildFile; fileRef = WIDGET001F2E99881600C69380 /* WidgetKit.framework */; };
		WIDGET002B2E99881600C69380 /* SwiftUI.framework in Frameworks */ = {isa = PBXBuildFile; fileRef = WIDGET002F2E99881600C69380 /* SwiftUI.framework */; };
		WIDGET003B2E99881600C69380 /* RTSP Rotator WidgetExtension.appex in Embed Foundation Extensions */ = {isa = PBXBuildFile; fileRef = WIDGET000F2E99881600C69380 /* RTSP Rotator WidgetExtension.appex */; settings = {ATTRIBUTES = (RemoveHeadersOnCopy, ); }; };
/* End PBXBuildFile section */

/* Begin PBXContainerItemProxy section */
		WIDGET004P2E99881600C69380 /* PBXContainerItemProxy */ = {
			isa = PBXContainerItemProxy;
			containerPortal = D09EA6EB2E99881600C69380 /* Project object */;
			proxyType = 1;
			remoteGlobalIDString = WIDGET000T2E99881600C69380;
			remoteInfo = "RTSP Rotator WidgetExtension";
		};
/* End PBXContainerItemProxy section */

/* Begin PBXCopyFilesBuildPhase section */
		WIDGET005C2E99881600C69380 /* Embed Foundation Extensions */ = {
			isa = PBXCopyFilesBuildPhase;
			buildActionMask = 2147483647;
			dstPath = "";
			dstSubfolderSpec = 13;
			files = (
				WIDGET003B2E99881600C69380 /* RTSP Rotator WidgetExtension.appex in Embed Foundation Extensions */,
			);
			name = "Embed Foundation Extensions";
			runOnlyForDeploymentPostprocessing = 0;
		};
/* End PBXCopyFilesBuildPhase section */

/* Begin PBXFileReference section */
		ICON000022E99881600C69380 /* Assets.xcassets */ = {isa = PBXFileReference; lastKnownFileType = folder.assetcatalog; path = Assets.xcassets; sourceTree = "<group>"; };
		2FB7C802D83D9C9775943B07 /* AIBackendStatusMenu.swift */ = {isa = PBXFileReference; includeInIndex = 1; lastKnownFileType = sourcecode.swift; name = AIBackendStatusMenu.swift; path = "RTSP Rotator/AIBackendStatusMenu.swift"; sourceTree = "<group>"; };
		AFA9CAA9A01C31B7DEDAA0E5 /* AIBackendManager+Enhanced.swift */ = {isa = PBXFileReference; includeInIndex = 1; lastKnownFileType = sourcecode.swift; name = "AIBackendManager+Enhanced.swift"; path = "RTSP Rotator/AIBackendManager+Enhanced.swift"; sourceTree = "<group>"; };
		D09EA6F42E99881600C69380 /* RTSP Rotator.app */ = {isa = PBXFileReference; explicitFileType = wrapper.application; includeInIndex = 0; path = "RTSP Rotator.app"; sourceTree = BUILT_PRODUCTS_DIR; };
		D96CC4EA4C2FB12DB1577657 /* AIBackendManager.swift */ = {isa = PBXFileReference; includeInIndex = 1; lastKnownFileType = sourcecode.swift; name = AIBackendManager.swift; path = "RTSP Rotator/AIBackendManager.swift"; sourceTree = "<group>"; };
		ED4AC48D617A18C84FD5D0EC /* AIBackendManager+Generation.swift */ = {isa = PBXFileReference; includeInIndex = 1; lastKnownFileType = sourcecode.swift; name = "AIBackendManager+Generation.swift"; path = "RTSP Rotator/AIBackendManager+Generation.swift"; sourceTree = "<group>"; };
		WIDGET000F2E99881600C69380 /* RTSP Rotator WidgetExtension.appex */ = {isa = PBXFileReference; explicitFileType = "wrapper.app-extension"; includeInIndex = 0; path = "RTSP Rotator WidgetExtension.appex"; sourceTree = BUILT_PRODUCTS_DIR; };
		WIDGET001F2E99881600C69380 /* WidgetKit.framework */ = {isa = PBXFileReference; lastKnownFileType = wrapper.framework; name = WidgetKit.framework; path = System/Library/Frameworks/WidgetKit.framework; sourceTree = SDKROOT; };
		WIDGET002F2E99881600C69380 /* SwiftUI.framework */ = {isa = PBXFileReference; lastKnownFileType = wrapper.framework; name = SwiftUI.framework; path = System/Library/Frameworks/SwiftUI.framework; sourceTree = SDKROOT; };
/* End PBXFileReference section */

/* Begin PBXFileSystemSynchronizedRootGroup section */
		D09EA6F62E99881600C69380 /* RTSP Rotator */ = {
			isa = PBXFileSystemSynchronizedRootGroup;
			exceptions = (
			);
			path = "RTSP Rotator";
			sourceTree = "<group>";
		};
		WIDGET006G2E99881600C69380 /* RTSP Rotator Widget */ = {
			isa = PBXFileSystemSynchronizedRootGroup;
			exceptions = (
			);
			path = "RTSP Rotator Widget";
			sourceTree = "<group>";
		};
/* End PBXFileSystemSynchronizedRootGroup section */

/* Begin PBXFrameworksBuildPhase section */
		D09EA6F12E99881600C69380 /* Frameworks */ = {
			isa = PBXFrameworksBuildPhase;
			buildActionMask = 2147483647;
			files = (
			);
			runOnlyForDeploymentPostprocessing = 0;
		};
		WIDGET007F2E99881600C69380 /* Frameworks */ = {
			isa = PBXFrameworksBuildPhase;
			buildActionMask = 2147483647;
			files = (
				WIDGET002B2E99881600C69380 /* SwiftUI.framework in Frameworks */,
				WIDGET001B2E99881600C69380 /* WidgetKit.framework in Frameworks */,
			);
			runOnlyForDeploymentPostprocessing = 0;
		};
/* End PBXFrameworksBuildPhase section */

/* Begin PBXGroup section */
		D09EA6EA2E99881600C69380 = {
			isa = PBXGroup;
			children = (
				ICON000022E99881600C69380 /* Assets.xcassets */,
				D09EA6F62E99881600C69380 /* RTSP Rotator */,
				WIDGET006G2E99881600C69380 /* RTSP Rotator Widget */,
				WIDGET008G2E99881600C69380 /* Frameworks */,
				D09EA6F52E99881600C69380 /* Products */,
				E1E35E2EDB4C415708E71595 /* AIBackend */,
			);
			sourceTree = "<group>";
		};
		D09EA6F52E99881600C69380 /* Products */ = {
			isa = PBXGroup;
			children = (
				D09EA6F42E99881600C69380 /* RTSP Rotator.app */,
				WIDGET000F2E99881600C69380 /* RTSP Rotator WidgetExtension.appex */,
			);
			name = Products;
			sourceTree = "<group>";
		};
		E1E35E2EDB4C415708E71595 /* AIBackend */ = {
			isa = PBXGroup;
			children = (
				D96CC4EA4C2FB12DB1577657 /* AIBackendManager.swift */,
				ED4AC48D617A18C84FD5D0EC /* AIBackendManager+Generation.swift */,
				AFA9CAA9A01C31B7DEDAA0E5 /* AIBackendManager+Enhanced.swift */,
				2FB7C802D83D9C9775943B07 /* AIBackendStatusMenu.swift */,
			);
			name = AIBackend;
			sourceTree = "<group>";
		};
		WIDGET008G2E99881600C69380 /* Frameworks */ = {
			isa = PBXGroup;
			children = (
				WIDGET001F2E99881600C69380 /* WidgetKit.framework */,
				WIDGET002F2E99881600C69380 /* SwiftUI.framework */,
			);
			name = Frameworks;
			sourceTree = "<group>";
		};
/* End PBXGroup section */

/* Begin PBXHeadersBuildPhase section */
		D09EA6EF2E99881600C69380 /* Headers */ = {
			isa = PBXHeadersBuildPhase;
			buildActionMask = 2147483647;
			files = (
			);
			runOnlyForDeploymentPostprocessing = 0;
		};
/* End PBXHeadersBuildPhase section */

/* Begin PBXNativeTarget section */
		D09EA6F32E99881600C69380 /* RTSP Rotator */ = {
			isa = PBXNativeTarget;
			buildConfigurationList = D09EA6FD2E99881600C69380 /* Build configuration list for PBXNativeTarget "RTSP Rotator" */;
			buildPhases = (
				D09EA6EF2E99881600C69380 /* Headers */,
				D09EA6F02E99881600C69380 /* Sources */,
				D09EA6F12E99881600C69380 /* Frameworks */,
				D09EA6F22E99881600C69380 /* Resources */,
				WIDGET005C2E99881600C69380 /* Embed Foundation Extensions */,
			);
			buildRules = (
			);
			dependencies = (
				WIDGET004D2E99881600C69380 /* PBXTargetDependency */,
			);
			fileSystemSynchronizedGroups = (
				D09EA6F62E99881600C69380 /* RTSP Rotator */,
			);
			name = "RTSP Rotator";
			productName = "RTSP Rotator";
			productReference = D09EA6F42E99881600C69380 /* RTSP Rotator.app */;
			productType = "com.apple.product-type.application";
		};
		WIDGET000T2E99881600C69380 /* RTSP Rotator WidgetExtension */ = {
			isa = PBXNativeTarget;
			buildConfigurationList = WIDGET009C2E99881600C69380 /* Build configuration list for PBXNativeTarget "RTSP Rotator WidgetExtension" */;
			buildPhases = (
				WIDGET010S2E99881600C69380 /* Sources */,
				WIDGET007F2E99881600C69380 /* Frameworks */,
				WIDGET011R2E99881600C69380 /* Resources */,
			);
			buildRules = (
			);
			dependencies = (
			);
			fileSystemSynchronizedGroups = (
				WIDGET006G2E99881600C69380 /* RTSP Rotator Widget */,
			);
			name = "RTSP Rotator WidgetExtension";
			productName = "RTSP Rotator WidgetExtension";
			productReference = WIDGET000F2E99881600C69380 /* RTSP Rotator WidgetExtension.appex */;
			productType = "com.apple.product-type.app-extension";
		};
/* End PBXNativeTarget section */

/* Begin PBXProject section */
		D09EA6EB2E99881600C69380 /* Project object */ = {
			isa = PBXProject;
			attributes = {
				BuildIndependentTargetsInParallel = 1;
				KnownAssetTags = (
					New,
				);
				LastUpgradeCheck = 2600;
				TargetAttributes = {
					D09EA6F32E99881600C69380 = {
						CreatedOnToolsVersion = 26.0.1;
					};
					WIDGET000T2E99881600C69380 = {
						CreatedOnToolsVersion = 26.0.1;
					};
				};
			};
			buildConfigurationList = D09EA6EE2E99881600C69380 /* Build configuration list for PBXProject "RTSP Rotator" */;
			developmentRegion = en;
			hasScannedForEncodings = 0;
			knownRegions = (
				en,
				Base,
			);
			mainGroup = D09EA6EA2E99881600C69380;
			minimizedProjectReferenceProxies = 1;
			preferredProjectObjectVersion = 77;
			productRefGroup = D09EA6F52E99881600C69380 /* Products */;
			projectDirPath = "";
			projectRoot = "";
			targets = (
				D09EA6F32E99881600C69380 /* RTSP Rotator */,
				WIDGET000T2E99881600C69380 /* RTSP Rotator WidgetExtension */,
			);
		};
/* End PBXProject section */

/* Begin PBXResourcesBuildPhase section */
		D09EA6F22E99881600C69380 /* Resources */ = {
			isa = PBXResourcesBuildPhase;
			buildActionMask = 2147483647;
			files = (
				ICON000012E99881600C69380 /* Assets.xcassets in Resources */,
			);
			runOnlyForDeploymentPostprocessing = 0;
		};
		WIDGET011R2E99881600C69380 /* Resources */ = {
			isa = PBXResourcesBuildPhase;
			buildActionMask = 2147483647;
			files = (
			);
			runOnlyForDeploymentPostprocessing = 0;
		};
/* End PBXResourcesBuildPhase section */

/* Begin PBXSourcesBuildPhase section */
		D09EA6F02E99881600C69380 /* Sources */ = {
			isa = PBXSourcesBuildPhase;
			buildActionMask = 2147483647;
			files = (
				3D811CBEA4000D472B792B4A /* AIBackendManager.swift in Sources */,
				7B253F02D77B07DCD1289920 /* AIBackendManager+Generation.swift in Sources */,
				B7CF8A817C5CD08EE1EC54D9 /* AIBackendManager+Enhanced.swift in Sources */,
				A4B7F476EFDE47C0991EF19C /* AIBackendStatusMenu.swift in Sources */,
			);
			runOnlyForDeploymentPostprocessing = 0;
		};
		WIDGET010S2E99881600C69380 /* Sources */ = {
			isa = PBXSourcesBuildPhase;
			buildActionMask = 2147483647;
			files = (
			);
			runOnlyForDeploymentPostprocessing = 0;
		};
/* End PBXSourcesBuildPhase section */

/* Begin PBXTargetDependency section */
		WIDGET004D2E99881600C69380 /* PBXTargetDependency */ = {
			isa = PBXTargetDependency;
			target = WIDGET000T2E99881600C69380 /* RTSP Rotator WidgetExtension */;
			targetProxy = WIDGET004P2E99881600C69380 /* PBXContainerItemProxy */;
		};
/* End PBXTargetDependency section */

/* Begin XCBuildConfiguration section */
		D09EA6FB2E99881600C69380 /* Debug */ = {
			isa = XCBuildConfiguration;
			buildSettings = {
				ALWAYS_SEARCH_USER_PATHS = NO;
				ASSETCATALOG_COMPILER_GENERATE_SWIFT_ASSET_SYMBOL_EXTENSIONS = NO;
				CLANG_ANALYZER_NONNULL = YES;
				CLANG_ANALYZER_NUMBER_OBJECT_CONVERSION = YES_AGGRESSIVE;
				CLANG_CXX_LANGUAGE_STANDARD = "gnu++20";
				CLANG_ENABLE_MODULES = YES;
				CLANG_ENABLE_OBJC_ARC = YES;
				CLANG_ENABLE_OBJC_WEAK = YES;
				CLANG_WARN_BLOCK_CAPTURE_AUTORELEASING = YES;
				CLANG_WARN_BOOL_CONVERSION = YES;
				CLANG_WARN_COMMA = YES;
				CLANG_WARN_CONSTANT_CONVERSION = YES;
				CLANG_WARN_DEPRECATED_OBJC_IMPLEMENTATIONS = YES;
				CLANG_WARN_DIRECT_OBJC_ISA_USAGE = YES_ERROR;
				CLANG_WARN_DOCUMENTATION_COMMENTS = YES;
				CLANG_WARN_EMPTY_BODY = YES;
				CLANG_WARN_ENUM_CONVERSION = YES;
				CLANG_WARN_INFINITE_RECURSION = YES;
				CLANG_WARN_INT_CONVERSION = YES;
				CLANG_WARN_NON_LITERAL_NULL_CONVERSION = YES;
				CLANG_WARN_OBJC_IMPLICIT_RETAIN_SELF = YES;
				CLANG_WARN_OBJC_LITERAL_CONVERSION = YES;
				CLANG_WARN_OBJC_ROOT_CLASS = YES_ERROR;
				CLANG_WARN_QUOTED_INCLUDE_IN_FRAMEWORK_HEADER = YES;
				CLANG_WARN_RANGE_LOOP_ANALYSIS = YES;
				CLANG_WARN_STRICT_PROTOTYPES = YES;
				CLANG_WARN_SUSPICIOUS_MOVE = YES;
				CLANG_WARN_UNGUARDED_AVAILABILITY = YES_AGGRESSIVE;
				CLANG_WARN_UNREACHABLE_CODE = YES;
				CLANG_WARN__DUPLICATE_METHOD_MATCH = YES;
				COPY_PHASE_STRIP = NO;
				DEBUG_INFORMATION_FORMAT = dwarf;
				DEVELOPMENT_TEAM = QRRCB8HB3W;
				ENABLE_STRICT_OBJC_MSGSEND = YES;
				ENABLE_TESTABILITY = YES;
				ENABLE_USER_SCRIPT_SANDBOXING = YES;
				GCC_C_LANGUAGE_STANDARD = gnu17;
				GCC_DYNAMIC_NO_PIC = NO;
				GCC_NO_COMMON_BLOCKS = YES;
				GCC_OPTIMIZATION_LEVEL = 0;
				GCC_PREPROCESSOR_DEFINITIONS = (
					"DEBUG=1",
					"$(inherited)",
				);
				GCC_WARN_64_TO_32_BIT_CONVERSION = YES;
				GCC_WARN_ABOUT_RETURN_TYPE = YES_ERROR;
				GCC_WARN_UNDECLARED_SELECTOR = YES;
				GCC_WARN_UNINITIALIZED_AUTOS = YES_AGGRESSIVE;
				GCC_WARN_UNUSED_FUNCTION = YES;
				GCC_WARN_UNUSED_VARIABLE = YES;
				LOCALIZATION_PREFERS_STRING_CATALOGS = YES;
				MACOSX_DEPLOYMENT_TARGET = 11.0;
				MTL_ENABLE_DEBUG_INFO = INCLUDE_SOURCE;
				MTL_FAST_MATH = YES;
				ONLY_ACTIVE_ARCH = YES;
				SDKROOT = macosx;
			};
			name = Debug;
		};
		D09EA6FC2E99881600C69380 /* Release */ = {
			isa = XCBuildConfiguration;
			buildSettings = {
				ALWAYS_SEARCH_USER_PATHS = NO;
				ASSETCATALOG_COMPILER_GENERATE_SWIFT_ASSET_SYMBOL_EXTENSIONS = NO;
				CLANG_ANALYZER_NONNULL = YES;
				CLANG_ANALYZER_NUMBER_OBJECT_CONVERSION = YES_AGGRESSIVE;
				CLANG_CXX_LANGUAGE_STANDARD = "gnu++20";
				CLANG_ENABLE_MODULES = YES;
				CLANG_ENABLE_OBJC_ARC = YES;
				CLANG_ENABLE_OBJC_WEAK = YES;
				CLANG_WARN_BLOCK_CAPTURE_AUTORELEASING = YES;
				CLANG_WARN_BOOL_CONVERSION = YES;
				CLANG_WARN_COMMA = YES;
				CLANG_WARN_CONSTANT_CONVERSION = YES;
				CLANG_WARN_DEPRECATED_OBJC_IMPLEMENTATIONS = YES;
				CLANG_WARN_DIRECT_OBJC_ISA_USAGE = YES_ERROR;
				CLANG_WARN_DOCUMENTATION_COMMENTS = YES;
				CLANG_WARN_EMPTY_BODY = YES;
				CLANG_WARN_ENUM_CONVERSION = YES;
				CLANG_WARN_INFINITE_RECURSION = YES;
				CLANG_WARN_INT_CONVERSION = YES;
				CLANG_WARN_NON_LITERAL_NULL_CONVERSION = YES;
				CLANG_WARN_OBJC_IMPLICIT_RETAIN_SELF = YES;
				CLANG_WARN_OBJC_LITERAL_CONVERSION = YES;
				CLANG_WARN_OBJC_ROOT_CLASS = YES_ERROR;
				CLANG_WARN_QUOTED_INCLUDE_IN_FRAMEWORK_HEADER = YES;
				CLANG_WARN_RANGE_LOOP_ANALYSIS = YES;
				CLANG_WARN_STRICT_PROTOTYPES = YES;
				CLANG_WARN_SUSPICIOUS_MOVE = YES;
				CLANG_WARN_UNGUARDED_AVAILABILITY = YES_AGGRESSIVE;
				CLANG_WARN_UNREACHABLE_CODE = YES;
				CLANG_WARN__DUPLICATE_METHOD_MATCH = YES;
				COPY_PHASE_STRIP = NO;
				DEBUG_INFORMATION_FORMAT = "dwarf-with-dsym";
				DEVELOPMENT_TEAM = QRRCB8HB3W;
				ENABLE_NS_ASSERTIONS = NO;
				ENABLE_STRICT_OBJC_MSGSEND = YES;
				ENABLE_USER_SCRIPT_SANDBOXING = YES;
				GCC_C_LANGUAGE_STANDARD = gnu17;
				GCC_NO_COMMON_BLOCKS = YES;
				GCC_WARN_64_TO_32_BIT_CONVERSION = YES;
				GCC_WARN_ABOUT_RETURN_TYPE = YES_ERROR;
				GCC_WARN_UNDECLARED_SELECTOR = YES;
				GCC_WARN_UNINITIALIZED_AUTOS = YES_AGGRESSIVE;
				GCC_WARN_UNUSED_FUNCTION = YES;
				GCC_WARN_UNUSED_VARIABLE = YES;
				LOCALIZATION_PREFERS_STRING_CATALOGS = YES;
				MACOSX_DEPLOYMENT_TARGET = 11.0;
				MTL_ENABLE_DEBUG_INFO = NO;
				MTL_FAST_MATH = YES;
				SDKROOT = macosx;
			};
			name = Release;
		};
		D09EA6FE2E99881600C69380 /* Debug */ = {
			isa = XCBuildConfiguration;
			buildSettings = {
				ALWAYS_EMBED_SWIFT_STANDARD_LIBRARIES = YES;
				ASSETCATALOG_COMPILER_APPICON_NAME = AppIcon;
				AUTOMATION_APPLE_EVENTS = NO;
				"CODE_SIGN_IDENTITY[sdk=macosx*]" = "Apple Development";
				CODE_SIGN_STYLE = Automatic;
				COMBINE_HIDPI_IMAGES = YES;
				CURRENT_PROJECT_VERSION = 250;
				DEVELOPMENT_TEAM = QRRCB8HB3W;
				ENABLE_HARDENED_RUNTIME = YES;
				ENABLE_RESOURCE_ACCESS_AUDIO_INPUT = NO;
				ENABLE_RESOURCE_ACCESS_CALENDARS = NO;
				ENABLE_RESOURCE_ACCESS_CAMERA = NO;
				ENABLE_RESOURCE_ACCESS_CONTACTS = NO;
				ENABLE_RESOURCE_ACCESS_LOCATION = YES;
				ENABLE_RESOURCE_ACCESS_PHOTO_LIBRARY = NO;
				GENERATE_INFOPLIST_FILE = NO;
				INFOPLIST_FILE = "RTSP Rotator/Info.plist";
				INFOPLIST_KEY_CFBundleDisplayName = "RTSP Rotator";
				INFOPLIST_KEY_LSApplicationCategoryType = "public.app-category.utilities";
				INFOPLIST_KEY_NSHumanReadableCopyright = "Copyright 2026 Jordan Koch. All rights reserved.";
				INFOPLIST_KEY_NSPrincipalClass = NSApplication;
				INSTALL_PATH = "$(HOME)/Applications";
				MARKETING_VERSION = 2.5.0;
				PRODUCT_BUNDLE_IDENTIFIER = "com.jkoch.RTSP-Rotator";
				PRODUCT_NAME = "$(TARGET_NAME)";
				RUNTIME_EXCEPTION_ALLOW_DYLD_ENVIRONMENT_VARIABLES = NO;
				RUNTIME_EXCEPTION_ALLOW_JIT = NO;
				RUNTIME_EXCEPTION_ALLOW_UNSIGNED_EXECUTABLE_MEMORY = NO;
				RUNTIME_EXCEPTION_DEBUGGING_TOOL = NO;
				RUNTIME_EXCEPTION_DISABLE_EXECUTABLE_PAGE_PROTECTION = NO;
				RUNTIME_EXCEPTION_DISABLE_LIBRARY_VALIDATION = NO;
				STRING_CATALOG_GENERATE_SYMBOLS = YES;
				SWIFT_EMIT_LOC_STRINGS = YES;
				SWIFT_VERSION = 5.0;
				WRAPPER_EXTENSION = app;
			};
			name = Debug;
		};
		D09EA6FF2E99881600C69380 /* Release */ = {
			isa = XCBuildConfiguration;
			buildSettings = {
				ALWAYS_EMBED_SWIFT_STANDARD_LIBRARIES = YES;
				ASSETCATALOG_COMPILER_APPICON_NAME = AppIcon;
				AUTOMATION_APPLE_EVENTS = NO;
				"CODE_SIGN_IDENTITY[sdk=macosx*]" = "Apple Development";
				CODE_SIGN_STYLE = Automatic;
				COMBINE_HIDPI_IMAGES = YES;
				CURRENT_PROJECT_VERSION = 250;
				DEVELOPMENT_TEAM = QRRCB8HB3W;
				ENABLE_HARDENED_RUNTIME = YES;
				ENABLE_RESOURCE_ACCESS_AUDIO_INPUT = NO;
				ENABLE_RESOURCE_ACCESS_CALENDARS = NO;
				ENABLE_RESOURCE_ACCESS_CAMERA = NO;
				ENABLE_RESOURCE_ACCESS_CONTACTS = NO;
				ENABLE_RESOURCE_ACCESS_LOCATION = YES;
				ENABLE_RESOURCE_ACCESS_PHOTO_LIBRARY = NO;
				GENERATE_INFOPLIST_FILE = NO;
				INFOPLIST_FILE = "RTSP Rotator/Info.plist";
				INFOPLIST_KEY_CFBundleDisplayName = "RTSP Rotator";
				INFOPLIST_KEY_LSApplicationCategoryType = "public.app-category.utilities";
				INFOPLIST_KEY_NSHumanReadableCopyright = "Copyright 2026 Jordan Koch. All rights reserved.";
				INFOPLIST_KEY_NSPrincipalClass = NSApplication;
				INSTALL_PATH = "$(HOME)/Applications";
				MARKETING_VERSION = 2.5.0;
				PRODUCT_BUNDLE_IDENTIFIER = "com.jkoch.RTSP-Rotator";
				PRODUCT_NAME = "$(TARGET_NAME)";
				RUNTIME_EXCEPTION_ALLOW_DYLD_ENVIRONMENT_VARIABLES = NO;
				RUNTIME_EXCEPTION_ALLOW_JIT = NO;
				RUNTIME_EXCEPTION_ALLOW_UNSIGNED_EXECUTABLE_MEMORY = NO;
				RUNTIME_EXCEPTION_DEBUGGING_TOOL = NO;
				RUNTIME_EXCEPTION_DISABLE_EXECUTABLE_PAGE_PROTECTION = NO;
				RUNTIME_EXCEPTION_DISABLE_LIBRARY_VALIDATION = NO;
				STRING_CATALOG_GENERATE_SYMBOLS = YES;
				SWIFT_EMIT_LOC_STRINGS = YES;
				SWIFT_VERSION = 5.0;
				WRAPPER_EXTENSION = app;
			};
			name = Release;
		};
		WIDGET012D2E99881600C69380 /* Debug */ = {
			isa = XCBuildConfiguration;
			buildSettings = {
				ASSETCATALOG_COMPILER_GLOBAL_ACCENT_COLOR_NAME = AccentColor;
				ASSETCATALOG_COMPILER_WIDGET_BACKGROUND_COLOR_NAME = WidgetBackground;
				CODE_SIGN_ENTITLEMENTS = "RTSP Rotator Widget/RTSP_Rotator_Widget.entitlements";
				CODE_SIGN_STYLE = Automatic;
				CURRENT_PROJECT_VERSION = 250;
				DEVELOPMENT_TEAM = QRRCB8HB3W;
				GENERATE_INFOPLIST_FILE = YES;
				INFOPLIST_FILE = "RTSP Rotator Widget/Info.plist";
				INFOPLIST_KEY_CFBundleDisplayName = "RTSP Rotator Widget";
				INFOPLIST_KEY_NSHumanReadableCopyright = "Copyright 2026 Jordan Koch. All rights reserved.";
				LD_RUNPATH_SEARCH_PATHS = (
					"$(inherited)",
					"@executable_path/../Frameworks",
					"@executable_path/../../../../Frameworks",
				);
				MACOSX_DEPLOYMENT_TARGET = 14.0;
				MARKETING_VERSION = 2.5.0;
				PRODUCT_BUNDLE_IDENTIFIER = "com.jkoch.RTSP-Rotator.Widget";
				PRODUCT_NAME = "$(TARGET_NAME)";
				SKIP_INSTALL = YES;
				SWIFT_EMIT_LOC_STRINGS = YES;
				SWIFT_VERSION = 5.0;
			};
			name = Debug;
		};
		WIDGET013D2E99881600C69380 /* Release */ = {
			isa = XCBuildConfiguration;
			buildSettings = {
				ASSETCATALOG_COMPILER_GLOBAL_ACCENT_COLOR_NAME = AccentColor;
				ASSETCATALOG_COMPILER_WIDGET_BACKGROUND_COLOR_NAME = WidgetBackground;
				CODE_SIGN_ENTITLEMENTS = "RTSP Rotator Widget/RTSP_Rotator_Widget.entitlements";
				CODE_SIGN_STYLE = Automatic;
				CURRENT_PROJECT_VERSION = 250;
				DEVELOPMENT_TEAM = QRRCB8HB3W;
				GENERATE_INFOPLIST_FILE = YES;
				INFOPLIST_FILE = "RTSP Rotator Widget/Info.plist";
				INFOPLIST_KEY_CFBundleDisplayName = "RTSP Rotator Widget";
				INFOPLIST_KEY_NSHumanReadableCopyright = "Copyright 2026 Jordan Koch. All rights reserved.";
				LD_RUNPATH_SEARCH_PATHS = (
					"$(inherited)",
					"@executable_path/../Frameworks",
					"@executable_path/../../../../Frameworks",
				);
				MACOSX_DEPLOYMENT_TARGET = 14.0;
				MARKETING_VERSION = 2.5.0;
				PRODUCT_BUNDLE_IDENTIFIER = "com.jkoch.RTSP-Rotator.Widget";
				PRODUCT_NAME = "$(TARGET_NAME)";
				SKIP_INSTALL = YES;
				SWIFT_EMIT_LOC_STRINGS = YES;
				SWIFT_VERSION = 5.0;
			};
			name = Release;
		};
/* End XCBuildConfiguration section */

/* Begin XCConfigurationList section */
		D09EA6EE2E99881600C69380 /* Build configuration list for PBXProject "RTSP Rotator" */ = {
			isa = XCConfigurationList;
			buildConfigurations = (
				D09EA6FB2E99881600C69380 /* Debug */,
				D09EA6FC2E99881600C69380 /* Release */,
			);
			defaultConfigurationIsVisible = 0;
			defaultConfigurationName = Release;
		};
		D09EA6FD2E99881600C69380 /* Build configuration list for PBXNativeTarget "RTSP Rotator" */ = {
			isa = XCConfigurationList;
			buildConfigurations = (
				D09EA6FE2E99881600C69380 /* Debug */,
				D09EA6FF2E99881600C69380 /* Release */,
			);
			defaultConfigurationIsVisible = 0;
			defaultConfigurationName = Release;
		};
		WIDGET009C2E99881600C69380 /* Build configuration list for PBXNativeTarget "RTSP Rotator WidgetExtension" */ = {
			isa = XCConfigurationList;
			buildConfigurations = (
				WIDGET012D2E99881600C69380 /* Debug */,
				WIDGET013D2E99881600C69380 /* Release */,
			);
			defaultConfigurationIsVisible = 0;
			defaultConfigurationName = Release;
		};
/* End XCConfigurationList section */
	};
	rootObject = D09EA6EB2E99881600C69380 /* Project object */;
}
